Microsoft Visual Studio Solution File, Format Version 12.00
# Visual Studio 15
VisualStudioVersion = 15.0.27428.2005
MinimumVisualStudioVersion = 10.0.40219.1
Project("{2150E333-8FDC-42A3-9474-1A3956D46DE8}") = "Solution Items", "Solution Items", "{9CCADE2B-6818-4169-A74B-21BD5A7176D3}"
	ProjectSection(SolutionItems) = preProject
		Local.testsettings = Local.testsettings
		Sop.vsmdi = Sop.vsmdi
		TraceAndTestImpact.testsettings = TraceAndTestImpact.testsettings
	EndProjectSection
EndProject
Project("{2150E333-8FDC-42A3-9474-1A3956D46DE8}") = "Demo Apps", "Demo Apps", "{09AAAA04-D02D-446A-8BB0-21BD193DF84C}"
EndProject
Project("{FAE04EC0-301F-11D3-BF4B-00C04F79EFBC}") = "Samples", "Samples\Samples.csproj", "{3E77EC60-82BA-4E80-98BD-A38DEA5DF307}"
EndProject
Project("{FAE04EC0-301F-11D3-BF4B-00C04F79EFBC}") = "BayWindBrowser", "Samples\BayWindBrowser.csproj", "{F6E2A52D-CE25-42A8-8E62-EE591C51E093}"
EndProject
Project("{9A19103F-16F7-4668-BE54-9A1E7A4F7556}") = "Sop", "Sop\Sop.csproj", "{304984A4-FE71-4D83-AB74-A0E027FEBF9A}"
EndProject
Project("{FAE04EC0-301F-11D3-BF4B-00C04F79EFBC}") = "Sop.Server", "Sop.Server\Sop.Server.csproj", "{E460F23F-E120-4FCA-88CF-E79C4FB69BCD}"
EndProject
Project("{9A19103F-16F7-4668-BE54-9A1E7A4F7556}") = "CoreSamples", "CoreSamples\CoreSamples.csproj", "{C08943FA-883A-449A-8D40-54DF2D4EA777}"
EndProject
Project("{2150E333-8FDC-42A3-9474-1A3956D46DE8}") = "Core", "Core", "{033D16EA-4795-43C4-8EA4-BFC1A64EF2BE}"
EndProject
Project("{2150E333-8FDC-42A3-9474-1A3956D46DE8}") = "Windows", "Windows", "{34861428-5599-4EE6-BA49-DA94E0325E85}"
EndProject
Project("{9A19103F-16F7-4668-BE54-9A1E7A4F7556}") = "SopCoreTests", "SopCoreTests\SopCoreTests.csproj", "{9FB9706D-EA0F-414E-8571-51B8F017A244}"
EndProject
Project("{FAE04EC0-301F-11D3-BF4B-00C04F79EFBC}") = "SopTests", "SopTests\SopTests.csproj", "{F6DF3C79-A831-480D-B634-82FF950430B9}"
EndProject
Global
	GlobalSection(SolutionConfigurationPlatforms) = preSolution
		Debug|Any CPU = Debug|Any CPU
		Debug|Mixed Platforms = Debug|Mixed Platforms
		Debug|x64 = Debug|x64
		Debug|x86 = Debug|x86
		Release|Any CPU = Release|Any CPU
		Release|Mixed Platforms = Release|Mixed Platforms
		Release|x64 = Release|x64
		Release|x86 = Release|x86
		TestPP|Any CPU = TestPP|Any CPU
		TestPP|Mixed Platforms = TestPP|Mixed Platforms
		TestPP|x64 = TestPP|x64
		TestPP|x86 = TestPP|x86
	EndGlobalSection
	GlobalSection(ProjectConfigurationPlatforms) = postSolution
		{3E77EC60-82BA-4E80-98BD-A38DEA5DF307}.Debug|Any CPU.ActiveCfg = Debug|Any CPU
		{3E77EC60-82BA-4E80-98BD-A38DEA5DF307}.Debug|Any CPU.Build.0 = Debug|Any CPU
		{3E77EC60-82BA-4E80-98BD-A38DEA5DF307}.Debug|Mixed Platforms.ActiveCfg = Debug|Any CPU
		{3E77EC60-82BA-4E80-98BD-A38DEA5DF307}.Debug|Mixed Platforms.Build.0 = Debug|Any CPU
		{3E77EC60-82BA-4E80-98BD-A38DEA5DF307}.Debug|x64.ActiveCfg = Debug|Any CPU
		{3E77EC60-82BA-4E80-98BD-A38DEA5DF307}.Debug|x86.ActiveCfg = Debug|Any CPU
		{3E77EC60-82BA-4E80-98BD-A38DEA5DF307}.Release|Any CPU.ActiveCfg = Release|Any CPU
		{3E77EC60-82BA-4E80-98BD-A38DEA5DF307}.Release|Any CPU.Build.0 = Release|Any CPU
		{3E77EC60-82BA-4E80-98BD-A38DEA5DF307}.Release|Mixed Platforms.ActiveCfg = Release|Any CPU
		{3E77EC60-82BA-4E80-98BD-A38DEA5DF307}.Release|Mixed Platforms.Build.0 = Release|Any CPU
		{3E77EC60-82BA-4E80-98BD-A38DEA5DF307}.Release|x64.ActiveCfg = Release|Any CPU
		{3E77EC60-82BA-4E80-98BD-A38DEA5DF307}.Release|x86.ActiveCfg = Release|Any CPU
		{3E77EC60-82BA-4E80-98BD-A38DEA5DF307}.TestPP|Any CPU.ActiveCfg = Release|Any CPU
		{3E77EC60-82BA-4E80-98BD-A38DEA5DF307}.TestPP|Any CPU.Build.0 = Release|Any CPU
		{3E77EC60-82BA-4E80-98BD-A38DEA5DF307}.TestPP|Mixed Platforms.ActiveCfg = Release|Any CPU
		{3E77EC60-82BA-4E80-98BD-A38DEA5DF307}.TestPP|Mixed Platforms.Build.0 = Release|Any CPU
		{3E77EC60-82BA-4E80-98BD-A38DEA5DF307}.TestPP|x64.ActiveCfg = Release|Any CPU
		{3E77EC60-82BA-4E80-98BD-A38DEA5DF307}.TestPP|x86.ActiveCfg = Release|Any CPU
		{F6E2A52D-CE25-42A8-8E62-EE591C51E093}.Debug|Any CPU.ActiveCfg = Debug|Any CPU
		{F6E2A52D-CE25-42A8-8E62-EE591C51E093}.Debug|Any CPU.Build.0 = Debug|Any CPU
		{F6E2A52D-CE25-42A8-8E62-EE591C51E093}.Debug|Mixed Platforms.ActiveCfg = Debug|Any CPU
		{F6E2A52D-CE25-42A8-8E62-EE591C51E093}.Debug|Mixed Platforms.Build.0 = Debug|Any CPU
		{F6E2A52D-CE25-42A8-8E62-EE591C51E093}.Debug|x64.ActiveCfg = Debug|Any CPU
		{F6E2A52D-CE25-42A8-8E62-EE591C51E093}.Debug|x86.ActiveCfg = Debug|Any CPU
		{F6E2A52D-CE25-42A8-8E62-EE591C51E093}.Release|Any CPU.ActiveCfg = Release|Any CPU
		{F6E2A52D-CE25-42A8-8E62-EE591C51E093}.Release|Any CPU.Build.0 = Release|Any CPU
		{F6E2A52D-CE25-42A8-8E62-EE591C51E093}.Release|Mixed Platforms.ActiveCfg = Release|Any CPU
		{F6E2A52D-CE25-42A8-8E62-EE591C51E093}.Release|Mixed Platforms.Build.0 = Release|Any CPU
		{F6E2A52D-CE25-42A8-8E62-EE591C51E093}.Release|x64.ActiveCfg = Release|Any CPU
		{F6E2A52D-CE25-42A8-8E62-EE591C51E093}.Release|x86.ActiveCfg = Release|Any CPU
		{F6E2A52D-CE25-42A8-8E62-EE591C51E093}.TestPP|Any CPU.ActiveCfg = Release|Any CPU
		{F6E2A52D-CE25-42A8-8E62-EE591C51E093}.TestPP|Any CPU.Build.0 = Release|Any CPU
		{F6E2A52D-CE25-42A8-8E62-EE591C51E093}.TestPP|Mixed Platforms.ActiveCfg = Release|Any CPU
		{F6E2A52D-CE25-42A8-8E62-EE591C51E093}.TestPP|Mixed Platforms.Build.0 = Release|Any CPU
		{F6E2A52D-CE25-42A8-8E62-EE591C51E093}.TestPP|x64.ActiveCfg = Release|Any CPU
		{F6E2A52D-CE25-42A8-8E62-EE591C51E093}.TestPP|x86.ActiveCfg = Release|Any CPU
		{304984A4-FE71-4D83-AB74-A0E027FEBF9A}.Debug|Any CPU.ActiveCfg = Debug|Any CPU
		{304984A4-FE71-4D83-AB74-A0E027FEBF9A}.Debug|Any CPU.Build.0 = Debug|Any CPU
		{304984A4-FE71-4D83-AB74-A0E027FEBF9A}.Debug|Mixed Platforms.ActiveCfg = Debug|Any CPU
		{304984A4-FE71-4D83-AB74-A0E027FEBF9A}.Debug|Mixed Platforms.Build.0 = Debug|Any CPU
		{304984A4-FE71-4D83-AB74-A0E027FEBF9A}.Debug|x64.ActiveCfg = Debug|Any CPU
		{304984A4-FE71-4D83-AB74-A0E027FEBF9A}.Debug|x64.Build.0 = Debug|Any CPU
		{304984A4-FE71-4D83-AB74-A0E027FEBF9A}.Debug|x86.ActiveCfg = Debug|Any CPU
		{304984A4-FE71-4D83-AB74-A0E027FEBF9A}.Debug|x86.Build.0 = Debug|Any CPU
		{304984A4-FE71-4D83-AB74-A0E027FEBF9A}.Release|Any CPU.ActiveCfg = Release|Any CPU
		{304984A4-FE71-4D83-AB74-A0E027FEBF9A}.Release|Any CPU.Build.0 = Release|Any CPU
		{304984A4-FE71-4D83-AB74-A0E027FEBF9A}.Release|Mixed Platforms.ActiveCfg = Release|Any CPU
		{304984A4-FE71-4D83-AB74-A0E027FEBF9A}.Release|Mixed Platforms.Build.0 = Release|Any CPU
		{304984A4-FE71-4D83-AB74-A0E027FEBF9A}.Release|x64.ActiveCfg = Release|Any CPU
		{304984A4-FE71-4D83-AB74-A0E027FEBF9A}.Release|x64.Build.0 = Release|Any CPU
		{304984A4-FE71-4D83-AB74-A0E027FEBF9A}.Release|x86.ActiveCfg = Release|Any CPU
		{304984A4-FE71-4D83-AB74-A0E027FEBF9A}.Release|x86.Build.0 = Release|Any CPU
		{304984A4-FE71-4D83-AB74-A0E027FEBF9A}.TestPP|Any CPU.ActiveCfg = Debug|Any CPU
		{304984A4-FE71-4D83-AB74-A0E027FEBF9A}.TestPP|Any CPU.Build.0 = Debug|Any CPU
		{304984A4-FE71-4D83-AB74-A0E027FEBF9A}.TestPP|Mixed Platforms.ActiveCfg = Debug|Any CPU
		{304984A4-FE71-4D83-AB74-A0E027FEBF9A}.TestPP|Mixed Platforms.Build.0 = Debug|Any CPU
		{304984A4-FE71-4D83-AB74-A0E027FEBF9A}.TestPP|x64.ActiveCfg = Debug|Any CPU
		{304984A4-FE71-4D83-AB74-A0E027FEBF9A}.TestPP|x64.Build.0 = Debug|Any CPU
		{304984A4-FE71-4D83-AB74-A0E027FEBF9A}.TestPP|x86.ActiveCfg = Debug|Any CPU
		{304984A4-FE71-4D83-AB74-A0E027FEBF9A}.TestPP|x86.Build.0 = Debug|Any CPU
		{E460F23F-E120-4FCA-88CF-E79C4FB69BCD}.Debug|Any CPU.ActiveCfg = Debug|Any CPU
		{E460F23F-E120-4FCA-88CF-E79C4FB69BCD}.Debug|Any CPU.Build.0 = Debug|Any CPU
		{E460F23F-E120-4FCA-88CF-E79C4FB69BCD}.Debug|Mixed Platforms.ActiveCfg = Debug|Any CPU
		{E460F23F-E120-4FCA-88CF-E79C4FB69BCD}.Debug|Mixed Platforms.Build.0 = Debug|Any CPU
		{E460F23F-E120-4FCA-88CF-E79C4FB69BCD}.Debug|x64.ActiveCfg = Debug|Any CPU
		{E460F23F-E120-4FCA-88CF-E79C4FB69BCD}.Debug|x64.Build.0 = Debug|Any CPU
		{E460F23F-E120-4FCA-88CF-E79C4FB69BCD}.Debug|x86.ActiveCfg = Debug|Any CPU
		{E460F23F-E120-4FCA-88CF-E79C4FB69BCD}.Debug|x86.Build.0 = Debug|Any CPU
		{E460F23F-E120-4FCA-88CF-E79C4FB69BCD}.Release|Any CPU.ActiveCfg = Release|Any CPU
		{E460F23F-E120-4FCA-88CF-E79C4FB69BCD}.Release|Any CPU.Build.0 = Release|Any CPU
		{E460F23F-E120-4FCA-88CF-E79C4FB69BCD}.Release|Mixed Platforms.ActiveCfg = Release|Any CPU
		{E460F23F-E120-4FCA-88CF-E79C4FB69BCD}.Release|Mixed Platforms.Build.0 = Release|Any CPU
		{E460F23F-E120-4FCA-88CF-E79C4FB69BCD}.Release|x64.ActiveCfg = Release|Any CPU
		{E460F23F-E120-4FCA-88CF-E79C4FB69BCD}.Release|x64.Build.0 = Release|Any CPU
		{E460F23F-E120-4FCA-88CF-E79C4FB69BCD}.Release|x86.ActiveCfg = Release|Any CPU
		{E460F23F-E120-4FCA-88CF-E79C4FB69BCD}.Release|x86.Build.0 = Release|Any CPU
		{E460F23F-E120-4FCA-88CF-E79C4FB69BCD}.TestPP|Any CPU.ActiveCfg = Release|Any CPU
		{E460F23F-E120-4FCA-88CF-E79C4FB69BCD}.TestPP|Any CPU.Build.0 = Release|Any CPU
		{E460F23F-E120-4FCA-88CF-E79C4FB69BCD}.TestPP|Mixed Platforms.ActiveCfg = Release|Any CPU
		{E460F23F-E120-4FCA-88CF-E79C4FB69BCD}.TestPP|Mixed Platforms.Build.0 = Release|Any CPU
		{E460F23F-E120-4FCA-88CF-E79C4FB69BCD}.TestPP|x64.ActiveCfg = Release|Any CPU
		{E460F23F-E120-4FCA-88CF-E79C4FB69BCD}.TestPP|x64.Build.0 = Release|Any CPU
		{E460F23F-E120-4FCA-88CF-E79C4FB69BCD}.TestPP|x86.ActiveCfg = Release|Any CPU
		{E460F23F-E120-4FCA-88CF-E79C4FB69BCD}.TestPP|x86.Build.0 = Release|Any CPU
		{C08943FA-883A-449A-8D40-54DF2D4EA777}.Debug|Any CPU.ActiveCfg = Debug|Any CPU
		{C08943FA-883A-449A-8D40-54DF2D4EA777}.Debug|Any CPU.Build.0 = Debug|Any CPU
		{C08943FA-883A-449A-8D40-54DF2D4EA777}.Debug|Mixed Platforms.ActiveCfg = Debug|Any CPU
		{C08943FA-883A-449A-8D40-54DF2D4EA777}.Debug|Mixed Platforms.Build.0 = Debug|Any CPU
		{C08943FA-883A-449A-8D40-54DF2D4EA777}.Debug|x64.ActiveCfg = Debug|Any CPU
		{C08943FA-883A-449A-8D40-54DF2D4EA777}.Debug|x64.Build.0 = Debug|Any CPU
		{C08943FA-883A-449A-8D40-54DF2D4EA777}.Debug|x86.ActiveCfg = Debug|Any CPU
		{C08943FA-883A-449A-8D40-54DF2D4EA777}.Debug|x86.Build.0 = Debug|Any CPU
		{C08943FA-883A-449A-8D40-54DF2D4EA777}.Release|Any CPU.ActiveCfg = Release|Any CPU
		{C08943FA-883A-449A-8D40-54DF2D4EA777}.Release|Any CPU.Build.0 = Release|Any CPU
		{C08943FA-883A-449A-8D40-54DF2D4EA777}.Release|Mixed Platforms.ActiveCfg = Release|Any CPU
		{C08943FA-883A-449A-8D40-54DF2D4EA777}.Release|Mixed Platforms.Build.0 = Release|Any CPU
		{C08943FA-883A-449A-8D40-54DF2D4EA777}.Release|x64.ActiveCfg = Release|Any CPU
		{C08943FA-883A-449A-8D40-54DF2D4EA777}.Release|x64.Build.0 = Release|Any CPU
		{C08943FA-883A-449A-8D40-54DF2D4EA777}.Release|x86.ActiveCfg = Release|Any CPU
		{C08943FA-883A-449A-8D40-54DF2D4EA777}.Release|x86.Build.0 = Release|Any CPU
		{C08943FA-883A-449A-8D40-54DF2D4EA777}.TestPP|Any CPU.ActiveCfg = Debug|Any CPU
		{C08943FA-883A-449A-8D40-54DF2D4EA777}.TestPP|Any CPU.Build.0 = Debug|Any CPU
		{C08943FA-883A-449A-8D40-54DF2D4EA777}.TestPP|Mixed Platforms.ActiveCfg = Debug|Any CPU
		{C08943FA-883A-449A-8D40-54DF2D4EA777}.TestPP|Mixed Platforms.Build.0 = Debug|Any CPU
		{C08943FA-883A-449A-8D40-54DF2D4EA777}.TestPP|x64.ActiveCfg = Debug|Any CPU
		{C08943FA-883A-449A-8D40-54DF2D4EA777}.TestPP|x64.Build.0 = Debug|Any CPU
		{C08943FA-883A-449A-8D40-54DF2D4EA777}.TestPP|x86.ActiveCfg = Debug|Any CPU
		{C08943FA-883A-449A-8D40-54DF2D4EA777}.TestPP|x86.Build.0 = Debug|Any CPU
		{9FB9706D-EA0F-414E-8571-51B8F017A244}.Debug|Any CPU.ActiveCfg = Debug|Any CPU
		{9FB9706D-EA0F-414E-8571-51B8F017A244}.Debug|Any CPU.Build.0 = Debug|Any CPU
		{9FB9706D-EA0F-414E-8571-51B8F017A244}.Debug|Mixed Platforms.ActiveCfg = Debug|Any CPU
		{9FB9706D-EA0F-414E-8571-51B8F017A244}.Debug|Mixed Platforms.Build.0 = Debug|Any CPU
		{9FB9706D-EA0F-414E-8571-51B8F017A244}.Debug|x64.ActiveCfg = Debug|Any CPU
		{9FB9706D-EA0F-414E-8571-51B8F017A244}.Debug|x64.Build.0 = Debug|Any CPU
		{9FB9706D-EA0F-414E-8571-51B8F017A244}.Debug|x86.ActiveCfg = Debug|Any CPU
		{9FB9706D-EA0F-414E-8571-51B8F017A244}.Debug|x86.Build.0 = Debug|Any CPU
		{9FB9706D-EA0F-414E-8571-51B8F017A244}.Release|Any CPU.ActiveCfg = Release|Any CPU
		{9FB9706D-EA0F-414E-8571-51B8F017A244}.Release|Any CPU.Build.0 = Release|Any CPU
		{9FB9706D-EA0F-414E-8571-51B8F017A244}.Release|Mixed Platforms.ActiveCfg = Release|Any CPU
		{9FB9706D-EA0F-414E-8571-51B8F017A244}.Release|Mixed Platforms.Build.0 = Release|Any CPU
		{9FB9706D-EA0F-414E-8571-51B8F017A244}.Release|x64.ActiveCfg = Release|Any CPU
		{9FB9706D-EA0F-414E-8571-51B8F017A244}.Release|x64.Build.0 = Release|Any CPU
		{9FB9706D-EA0F-414E-8571-51B8F017A244}.Release|x86.ActiveCfg = Release|Any CPU
		{9FB9706D-EA0F-414E-8571-51B8F017A244}.Release|x86.Build.0 = Release|Any CPU
		{9FB9706D-EA0F-414E-8571-51B8F017A244}.TestPP|Any CPU.ActiveCfg = Debug|Any CPU
		{9FB9706D-EA0F-414E-8571-51B8F017A244}.TestPP|Any CPU.Build.0 = Debug|Any CPU
		{9FB9706D-EA0F-414E-8571-51B8F017A244}.TestPP|Mixed Platforms.ActiveCfg = Debug|Any CPU
		{9FB9706D-EA0F-414E-8571-51B8F017A244}.TestPP|Mixed Platforms.Build.0 = Debug|Any CPU
		{9FB9706D-EA0F-414E-8571-51B8F017A244}.TestPP|x64.ActiveCfg = Debug|Any CPU
		{9FB9706D-EA0F-414E-8571-51B8F017A244}.TestPP|x64.Build.0 = Debug|Any CPU
		{9FB9706D-EA0F-414E-8571-51B8F017A244}.TestPP|x86.ActiveCfg = Debug|Any CPU
		{9FB9706D-EA0F-414E-8571-51B8F017A244}.TestPP|x86.Build.0 = Debug|Any CPU
		{F6DF3C79-A831-480D-B634-82FF950430B9}.Debug|Any CPU.ActiveCfg = Debug|Any CPU
		{F6DF3C79-A831-480D-B634-82FF950430B9}.Debug|Any CPU.Build.0 = Debug|Any CPU
		{F6DF3C79-A831-480D-B634-82FF950430B9}.Debug|Mixed Platforms.ActiveCfg = Debug|Any CPU
		{F6DF3C79-A831-480D-B634-82FF950430B9}.Debug|Mixed Platforms.Build.0 = Debug|Any CPU
		{F6DF3C79-A831-480D-B634-82FF950430B9}.Debug|x64.ActiveCfg = Debug|Any CPU
		{F6DF3C79-A831-480D-B634-82FF950430B9}.Debug|x64.Build.0 = Debug|Any CPU
		{F6DF3C79-A831-480D-B634-82FF950430B9}.Debug|x86.ActiveCfg = Debug|Any CPU
		{F6DF3C79-A831-480D-B634-82FF950430B9}.Debug|x86.Build.0 = Debug|Any CPU
		{F6DF3C79-A831-480D-B634-82FF950430B9}.Release|Any CPU.ActiveCfg = Release|Any CPU
		{F6DF3C79-A831-480D-B634-82FF950430B9}.Release|Any CPU.Build.0 = Release|Any CPU
		{F6DF3C79-A831-480D-B634-82FF950430B9}.Release|Mixed Platforms.ActiveCfg = Release|Any CPU
		{F6DF3C79-A831-480D-B634-82FF950430B9}.Release|Mixed Platforms.Build.0 = Release|Any CPU
		{F6DF3C79-A831-480D-B634-82FF950430B9}.Release|x64.ActiveCfg = Release|Any CPU
		{F6DF3C79-A831-480D-B634-82FF950430B9}.Release|x64.Build.0 = Release|Any CPU
		{F6DF3C79-A831-480D-B634-82FF950430B9}.Release|x86.ActiveCfg = Release|Any CPU
		{F6DF3C79-A831-480D-B634-82FF950430B9}.Release|x86.Build.0 = Release|Any CPU
		{F6DF3C79-A831-480D-B634-82FF950430B9}.TestPP|Any CPU.ActiveCfg = Release|Any CPU
		{F6DF3C79-A831-480D-B634-82FF950430B9}.TestPP|Any CPU.Build.0 = Release|Any CPU
		{F6DF3C79-A831-480D-B634-82FF950430B9}.TestPP|Mixed Platforms.ActiveCfg = Release|Any CPU
		{F6DF3C79-A831-480D-B634-82FF950430B9}.TestPP|Mixed Platforms.Build.0 = Release|Any CPU
		{F6DF3C79-A831-480D-B634-82FF950430B9}.TestPP|x64.ActiveCfg = Release|Any CPU
		{F6DF3C79-A831-480D-B634-82FF950430B9}.TestPP|x64.Build.0 = Release|Any CPU
		{F6DF3C79-A831-480D-B634-82FF950430B9}.TestPP|x86.ActiveCfg = Release|Any CPU
		{F6DF3C79-A831-480D-B634-82FF950430B9}.TestPP|x86.Build.0 = Release|Any CPU
	EndGlobalSection
	GlobalSection(SolutionProperties) = preSolution
		HideSolutionNode = FALSE
	EndGlobalSection
	GlobalSection(NestedProjects) = preSolution
		{09AAAA04-D02D-446A-8BB0-21BD193DF84C} = {34861428-5599-4EE6-BA49-DA94E0325E85}
		{3E77EC60-82BA-4E80-98BD-A38DEA5DF307} = {09AAAA04-D02D-446A-8BB0-21BD193DF84C}
		{F6E2A52D-CE25-42A8-8E62-EE591C51E093} = {09AAAA04-D02D-446A-8BB0-21BD193DF84C}
		{E460F23F-E120-4FCA-88CF-E79C4FB69BCD} = {34861428-5599-4EE6-BA49-DA94E0325E85}
		{C08943FA-883A-449A-8D40-54DF2D4EA777} = {033D16EA-4795-43C4-8EA4-BFC1A64EF2BE}
		{9FB9706D-EA0F-414E-8571-51B8F017A244} = {033D16EA-4795-43C4-8EA4-BFC1A64EF2BE}
		{F6DF3C79-A831-480D-B634-82FF950430B9} = {34861428-5599-4EE6-BA49-DA94E0325E85}
	EndGlobalSection
	GlobalSection(ExtensibilityGlobals) = postSolution
		SolutionGuid = {4DBF1702-7908-496F-98FA-7F560CF94206}
	EndGlobalSection
	GlobalSection(SubversionScc) = preSolution
		Svn-Managed = True
		Manager = AnkhSVN - Subversion Support for Visual Studio
	EndGlobalSection
	GlobalSection(TestCaseManagementSettings) = postSolution
		CategoryFile = Sop.vsmdi
	EndGlobalSection
EndGlobal
